hash: ab985a45816a6a424e33ada6ac01317ef15bc8984240741cd9aaeea86254ef7e
updated: 2016-11-14T08:57:14.331018847-08:00
imports:
- name: github.com/avidreder/show-hawk-server
  version: 60ece420ca1b936316e5aacb543e58193b3a4f3c
  subpackages:
  - middleware/bitshows
- name: github.com/jinzhu/inflection
  version: 74387dc39a75e970e7a3ae6a3386b5bd2e5c5cff
- name: github.com/labstack/echo
  version: e08070379af60f5b9c0fb5bb2d1527ba9624fe43
  subpackages:
  - engine/standard
  - middleware
- name: github.com/lib/pq
  version: d8eeeb8bae8896dd8e1b7e514ab0d396c4f12a1b
  subpackages:
  - oid
- name: github.com/stretchr/testify
  version: 69483b4bd14f5845b5a1e55bca19e954e827f1d0
  subpackages:
  - mock
- name: gopkg.in/mgo.v2
  version: 3f83fa5005286a7fe593b055f0d7771a7dce4655
  subpackages:
  - bson
  - internal/json
  - internal/sasl
  - internal/scram
- name: gopkg.in/pg.v5
  version: 3f395a9844fbaf3a8591d6d3a067f6842e5614fb
  subpackages:
  - internal
  - internal/parser
  - internal/pool
  - orm
  - types
testImports: []
